// !$*UTF8*$!
{
	archiveVersion = 1;
	classes = {
	};
	objectVersion = 46;
	objects = {

/* Begin PBXBuildFile section */
		954DC06E1E2D6743000F1C4B /* AppDelegate.swift in Sources */ = {isa = PBXBuildFile; fileRef = 954DC06D1E2D6743000F1C4B /* AppDelegate.swift */; };
		954DC0701E2D6743000F1C4B /* ViewController.swift in Sources */ = {isa = PBXBuildFile; fileRef = 954DC06F1E2D6743000F1C4B /* ViewController.swift */; };
		954DC0731E2D6743000F1C4B /* Main.storyboard in Resources */ = {isa = PBXBuildFile; fileRef = 954DC0711E2D6743000F1C4B /* Main.storyboard */; };
		954DC0751E2D6743000F1C4B /* Assets.xcassets in Resources */ = {isa = PBXBuildFile; fileRef = 954DC0741E2D6743000F1C4B /* Assets.xcassets */; };
		954DC0781E2D6743000F1C4B /* LaunchScreen.storyboard in Resources */ = {isa = PBXBuildFile; fileRef = 954DC0761E2D6743000F1C4B /* LaunchScreen.storyboard */; };
		954DC0831E2D6744000F1C4B /* CleanerSeekerTests.swift in Sources */ = {isa = PBXBuildFile; fileRef = 954DC0821E2D6744000F1C4B /* CleanerSeekerTests.swift */; };
		95B134671E467B5500838B3C /* Facade.swift in Sources */ = {isa = PBXBuildFile; fileRef = 95B134661E467B5500838B3C /* Facade.swift */; };
		95B134691E467B5F00838B3C /* ApiController.swift in Sources */ = {isa = PBXBuildFile; fileRef = 95B134681E467B5F00838B3C /* ApiController.swift */; };
		95B1346C1E467EC400838B3C /* Utilities.swift in Sources */ = {isa = PBXBuildFile; fileRef = 95B1346B1E467EC400838B3C /* Utilities.swift */; };
/* End PBXBuildFile section */

/* Begin PBXContainerItemProxy section */
		954DC07F1E2D6744000F1C4B /* PBXContainerItemProxy */ = {
			isa = PBXContainerItemProxy;
			containerPortal = 954DC0621E2D6743000F1C4B /* Project object */;
			proxyType = 1;
			remoteGlobalIDString = 954DC0691E2D6743000F1C4B;
			remoteInfo = CleanerSeeker;
		};
/* End PBXContainerItemProxy section */

/* Begin PBXFileReference section */
		954DC06A1E2D6743000F1C4B /* CleanerSeeker.app */ = {isa = PBXFileReference; explicitFileType = wrapper.application; includeInIndex = 0; path = CleanerSeeker.app; sourceTree = BUILT_PRODUCTS_DIR; };
		954DC06D1E2D6743000F1C4B /* AppDelegate.swift */ = {isa = PBXFileReference; lastKnownFileType = sourcecode.swift; path = AppDelegate.swift; sourceTree = "<group>"; };
		954DC06F1E2D6743000F1C4B /* ViewController.swift */ = {isa = PBXFileReference; lastKnownFileType = sourcecode.swift; path = ViewController.swift; sourceTree = "<group>"; };
		954DC0721E2D6743000F1C4B /* Base */ = {isa = PBXFileReference; lastKnownFileType = file.storyboard; name = Base; path = Base.lproj/Main.storyboard; sourceTree = "<group>"; };
		954DC0741E2D6743000F1C4B /* Assets.xcassets */ = {isa = PBXFileReference; lastKnownFileType = folder.assetcatalog; path = Assets.xcassets; sourceTree = "<group>"; };
		954DC0771E2D6743000F1C4B /* Base */ = {isa = PBXFileReference; lastKnownFileType = file.storyboard; name = Base; path = Base.lproj/LaunchScreen.storyboard; sourceTree = "<group>"; };
		954DC0791E2D6743000F1C4B /* Info.plist */ = {isa = PBXFileReference; lastKnownFileType = text.plist.xml; path = Info.plist; sourceTree = "<group>"; };
		954DC07E1E2D6744000F1C4B /* CleanerSeekerTests.xctest */ = {isa = PBXFileReference; explicitFileType = wrapper.cfbundle; includeInIndex = 0; path = CleanerSeekerTests.xctest; sourceTree = BUILT_PRODUCTS_DIR; };
		954DC0821E2D6744000F1C4B /* CleanerSeekerTests.swift */ = {isa = PBXFileReference; lastKnownFileType = sourcecode.swift; path = CleanerSeekerTests.swift; sourceTree = "<group>"; };
		954DC0841E2D6744000F1C4B /* Info.plist */ = {isa = PBXFileReference; lastKnownFileType = text.plist.xml; path = Info.plist; sourceTree = "<group>"; };
		95B134661E467B5500838B3C /* Facade.swift */ = {isa = PBXFileReference; fileEncoding = 4; lastKnownFileType = sourcecode.swift; path = Facade.swift; sourceTree = "<group>"; };
		95B134681E467B5F00838B3C /* ApiController.swift */ = {isa = PBXFileReference; fileEncoding = 4; lastKnownFileType = sourcecode.swift; path = ApiController.swift; sourceTree = "<group>"; };
		95B1346B1E467EC400838B3C /* Utilities.swift */ = {isa = PBXFileReference; fileEncoding = 4; lastKnownFileType = sourcecode.swift; path = Utilities.swift; sourceTree = "<group>"; };
/* End PBXFileReference section */

/* Begin PBXFrameworksBuildPhase section */
		954DC0671E2D6743000F1C4B /* Frameworks */ = {
			isa = PBXFrameworksBuildPhase;
			buildActionMask = 2147483647;
			files = (
			);
			runOnlyForDeploymentPostprocessing = 0;
		};
		954DC07B1E2D6744000F1C4B /* Frameworks */ = {
			isa = PBXFrameworksBuildPhase;
			buildActionMask = 2147483647;
			files = (
			);
			runOnlyForDeploymentPostprocessing = 0;
		};
/* End PBXFrameworksBuildPhase section */

/* Begin PBXGroup section */
		954DC0611E2D6743000F1C4B = {
			isa = PBXGroup;
			children = (
				954DC06C1E2D6743000F1C4B /* CleanerSeeker */,
				954DC0811E2D6744000F1C4B /* CleanerSeekerTests */,
				954DC06B1E2D6743000F1C4B /* Products */,
			);
			sourceTree = "<group>";
		};
		954DC06B1E2D6743000F1C4B /* Products */ = {
			isa = PBXGroup;
			children = (
				954DC06A1E2D6743000F1C4B /* CleanerSeeker.app */,
				954DC07E1E2D6744000F1C4B /* CleanerSeekerTests.xctest */,
			);
			name = Products;
			sourceTree = "<group>";
		};
		954DC06C1E2D6743000F1C4B /* CleanerSeeker */ = {
			isa = PBXGroup;
			children = (
				954DC0791E2D6743000F1C4B /* Info.plist */,
				95B134681E467B5F00838B3C /* ApiController.swift */,
				954DC06D1E2D6743000F1C4B /* AppDelegate.swift */,
				95B134661E467B5500838B3C /* Facade.swift */,
				95B1346A1E467B7200838B3C /* Screens */,
				954DC0741E2D6743000F1C4B /* Assets.xcassets */,
				954DC0761E2D6743000F1C4B /* LaunchScreen.storyboard */,
				954DC0711E2D6743000F1C4B /* Main.storyboard */,
				95B1346B1E467EC400838B3C /* Utilities.swift */,
			);
			path = CleanerSeeker;
			sourceTree = "<group>";
		};
		954DC0811E2D6744000F1C4B /* CleanerSeekerTests */ = {
			isa = PBXGroup;
			children = (
				954DC0821E2D6744000F1C4B /* CleanerSeekerTests.swift */,
				954DC0841E2D6744000F1C4B /* Info.plist */,
			);
			path = CleanerSeekerTests;
			sourceTree = "<group>";
		};
		95B1346A1E467B7200838B3C /* Screens */ = {
			isa = PBXGroup;
			children = (
				954DC06F1E2D6743000F1C4B /* ViewController.swift */,
			);
			name = Screens;
			sourceTree = "<group>";
		};
/* End PBXGroup section */

/* Begin PBXNativeTarget section */
		954DC0691E2D6743000F1C4B /* CleanerSeeker */ = {
			isa = PBXNativeTarget;
			buildConfigurationList = 954DC0871E2D6744000F1C4B /* Build configuration list for PBXNativeTarget "CleanerSeeker" */;
			buildPhases = (
				954DC0661E2D6743000F1C4B /* Sources */,
				954DC0671E2D6743000F1C4B /* Frameworks */,
				954DC0681E2D6743000F1C4B /* Resources */,
			);
			buildRules = (
			);
			dependencies = (
			);
			name = CleanerSeeker;
			productName = CleanerSeeker;
			productReference = 954DC06A1E2D6743000F1C4B /* CleanerSeeker.app */;
			productType = "com.apple.product-type.application";
		};
		954DC07D1E2D6744000F1C4B /* CleanerSeekerTests */ = {
			isa = PBXNativeTarget;
			buildConfigurationList = 954DC08A1E2D6744000F1C4B /* Build configuration list for PBXNativeTarget "CleanerSeekerTests" */;
			buildPhases = (
				954DC07A1E2D6744000F1C4B /* Sources */,
				954DC07B1E2D6744000F1C4B /* Frameworks */,
				954DC07C1E2D6744000F1C4B /* Resources */,
			);
			buildRules = (
			);
			dependencies = (
				954DC0801E2D6744000F1C4B /* PBXTargetDependency */,
			);
			name = CleanerSeekerTests;
			productName = CleanerSeekerTests;
			productReference = 954DC07E1E2D6744000F1C4B /* CleanerSeekerTests.xctest */;
			productType = "com.apple.product-type.bundle.unit-test";
		};
/* End PBXNativeTarget section */

/* Begin PBXProject section */
		954DC0621E2D6743000F1C4B /* Project object */ = {
			isa = PBXProject;
			attributes = {
				LastSwiftUpdateCheck = 0820;
				LastUpgradeCheck = 0820;
				ORGANIZATIONNAME = "Caio Dias";
				TargetAttributes = {
					954DC0691E2D6743000F1C4B = {
						CreatedOnToolsVersion = 8.2.1;
						DevelopmentTeam = C8F6JTSD25;
						ProvisioningStyle = Automatic;
					};
					954DC07D1E2D6744000F1C4B = {
						CreatedOnToolsVersion = 8.2.1;
						DevelopmentTeam = C8F6JTSD25;
						ProvisioningStyle = Automatic;
						TestTargetID = 954DC0691E2D6743000F1C4B;
					};
				};
			};
			buildConfigurationList = 954DC0651E2D6743000F1C4B /* Build configuration list for PBXProject "CleanerSeeker" */;
			compatibilityVersion = "Xcode 3.2";
			developmentRegion = English;
			hasScannedForEncodings = 0;
			knownRegions = (
				en,
				Base,
			);
			mainGroup = 954DC0611E2D6743000F1C4B;
			productRefGroup = 954DC06B1E2D6743000F1C4B /* Products */;
			projectDirPath = "";
			projectRoot = "";
			targets = (
				954DC0691E2D6743000F1C4B /* CleanerSeeker */,
				954DC07D1E2D6744000F1C4B /* CleanerSeekerTests */,
			);
		};
/* End PBXProject section */

/* Begin PBXResourcesBuildPhase section */
		954DC0681E2D6743000F1C4B /* Resources */ = {
			isa = PBXResourcesBuildPhase;
			buildActionMask = 2147483647;
			files = (
				954DC0781E2D6743000F1C4B /* LaunchScreen.storyboard in Resources */,
				954DC0751E2D6743000F1C4B /* Assets.xcassets in Resources */,
				954DC0731E2D6743000F1C4B /* Main.storyboard in Resources */,
			);
			runOnlyForDeploymentPostprocessing = 0;
		};
		954DC07C1E2D6744000F1C4B /* Resources */ = {
			isa = PBXResourcesBuildPhase;
			buildActionMask = 2147483647;
			files = (
			);
			runOnlyForDeploymentPostprocessing = 0;
		};
/* End PBXResourcesBuildPhase section */

/* Begin PBXSourcesBuildPhase section */
		954DC0661E2D6743000F1C4B /* Sources */ = {
			isa = PBXSourcesBuildPhase;
			buildActionMask = 2147483647;
			files = (
				95B134691E467B5F00838B3C /* ApiController.swift in Sources */,
				95B134671E467B5500838B3C /* Facade.swift in Sources */,
				954DC0701E2D6743000F1C4B /* ViewController.swift in Sources */,
				95B1346C1E467EC400838B3C /* Utilities.swift in Sources */,
				954DC06E1E2D6743000F1C4B /* AppDelegate.swift in Sources */,
			);
			runOnlyForDeploymentPostprocessing = 0;
		};
		954DC07A1E2D6744000F1C4B /* Sources */ = {
			isa = PBXSourcesBuildPhase;
			buildActionMask = 2147483647;
			files = (
				954DC0831E2D6744000F1C4B /* CleanerSeekerTests.swift in Sources */,
			);
			runOnlyForDeploymentPostprocessing = 0;
		};
/* End PBXSourcesBuildPhase section */

/* Begin PBXTargetDependency section */
		954DC0801E2D6744000F1C4B /* PBXTargetDependency */ = {
			isa = PBXTargetDependency;
			target = 954DC0691E2D6743000F1C4B /* CleanerSeeker */;
			targetProxy = 954DC07F1E2D6744000F1C4B /* PBXContainerItemProxy */;
		};
/* End PBXTargetDependency section */

/* Begin PBXVariantGroup section */
		954DC0711E2D6743000F1C4B /* Main.storyboard */ = {
			isa = PBXVariantGroup;
			children = (
				954DC0721E2D6743000F1C4B /* Base */,
			);
			name = Main.storyboard;
			sourceTree = "<group>";
		};
		954DC0761E2D6743000F1C4B /* LaunchScreen.storyboard */ = {
			isa = PBXVariantGroup;
			children = (
				954DC0771E2D6743000F1C4B /* Base */,
			);
			name = LaunchScreen.storyboard;
			sourceTree = "<group>";
		};
/* End PBXVariantGroup section */

/* Begin XCBuildConfiguration section */
		954DC0851E2D6744000F1C4B /* Debug */ = {
			isa = XCBuildConfiguration;
			buildSettings = {
				ALWAYS_SEARCH_USER_PATHS = NO;
				CLANG_ANALYZER_NONNULL = YES;
				CLANG_CXX_LANGUAGE_STANDARD = "gnu++0x";
				CLANG_CXX_LIBRARY = "libc++";
				CLANG_ENABLE_MODULES = YES;
				CLANG_ENABLE_OBJC_ARC = YES;
				CLANG_WARN_BOOL_CONVERSION = YES;
				CLANG_WARN_CONSTANT_CONVERSION = YES;
				CLANG_WARN_DIRECT_OBJC_ISA_USAGE = YES_ERROR;
				CLANG_WARN_DOCUMENTATION_COMMENTS = YES;
				CLANG_WARN_EMPTY_BODY = YES;
				CLANG_WARN_ENUM_CONVERSION = YES;
				CLANG_WARN_INFINITE_RECURSION = YES;
				CLANG_WARN_INT_CONVERSION = YES;
				CLANG_WARN_OBJC_ROOT_CLASS = YES_ERROR;
				CLANG_WARN_SUSPICIOUS_MOVE = YES;
				CLANG_WARN_UNREACHABLE_CODE = YES;
				CLANG_WARN__DUPLICATE_METHOD_MATCH = YES;
				"CODE_SIGN_IDENTITY[sdk=iphoneos*]" = "iPhone Developer";
				COPY_PHASE_STRIP = NO;
				DEBUG_INFORMATION_FORMAT = dwarf;
				ENABLE_STRICT_OBJC_MSGSEND = YES;
				ENABLE_TESTABILITY = YES;
				GCC_C_LANGUAGE_STANDARD = gnu99;
				GCC_DYNAMIC_NO_PIC = NO;
				GCC_NO_COMMON_BLOCKS = YES;
				GCC_OPTIMIZATION_LEVEL = 0;
				GCC_PREPROCESSOR_DEFINITIONS = (
					"DEBUG=1",
					"$(inherited)",
				);
				GCC_WARN_64_TO_32_BIT_CONVERSION = YES;
				GCC_WARN_ABOUT_RETURN_TYPE = YES_ERROR;
				GCC_WARN_UNDECLARED_SELECTOR = YES;
				GCC_WARN_UNINITIALIZED_AUTOS = YES_AGGRESSIVE;
				GCC_WARN_UNUSED_FUNCTION = YES;
				GCC_WARN_UNUSED_VARIABLE = YES;
				IPHONEOS_DEPLOYMENT_TARGET = 10.2;
				MTL_ENABLE_DEBUG_INFO = YES;
				ONLY_ACTIVE_ARCH = YES;
				SDKROOT = iphoneos;
				SWIFT_ACTIVE_COMPILATION_CONDITIONS = DEBUG;
				SWIFT_OPTIMIZATION_LEVEL = "-Onone";
			};
			name = Debug;
		};
		954DC0861E2D6744000F1C4B /* Release */ = {
			isa = XCBuildConfiguration;
			buildSettings = {
				ALWAYS_SEARCH_USER_PATHS = NO;
				CLANG_ANALYZER_NONNULL = YES;
				CLANG_CXX_LANGUAGE_STANDARD = "gnu++0x";
				CLANG_CXX_LIBRARY = "libc++";
				CLANG_ENABLE_MODULES = YES;
				CLANG_ENABLE_OBJC_ARC = YES;
				CLANG_WARN_BOOL_CONVERSION = YES;
				CLANG_WARN_CONSTANT_CONVERSION = YES;
				CLANG_WARN_DIRECT_OBJC_ISA_USAGE = YES_ERROR;
				CLANG_WARN_DOCUMENTATION_COMMENTS = YES;
				CLANG_WARN_EMPTY_BODY = YES;
				CLANG_WARN_ENUM_CONVERSION = YES;
				CLANG_WARN_INFINITE_RECURSION = YES;
				CLANG_WARN_INT_CONVERSION = YES;
				CLANG_WARN_OBJC_ROOT_CLASS = YES_ERROR;
				CLANG_WARN_SUSPICIOUS_MOVE = YES;
				CLANG_WARN_UNREACHABLE_CODE = YES;
				CLANG_WARN__DUPLICATE_METHOD_MATCH = YES;
				"CODE_SIGN_IDENTITY[sdk=iphoneos*]" = "iPhone Developer";
				COPY_PHASE_STRIP = NO;
				DEBUG_INFORMATION_FORMAT = "dwarf-with-dsym";
				ENABLE_NS_ASSERTIONS = NO;
				ENABLE_STRICT_OBJC_MSGSEND = YES;
				GCC_C_LANGUAGE_STANDARD = gnu99;
				GCC_NO_COMMON_BLOCKS = YES;
				GCC_WARN_64_TO_32_BIT_CONVERSION = YES;
				GCC_WARN_ABOUT_RETURN_TYPE = YES_ERROR;
				GCC_WARN_UNDECLARED_SELECTOR = YES;
				GCC_WARN_UNINITIALIZED_AUTOS = YES_AGGRESSIVE;
				GCC_WARN_UNUSED_FUNCTION = YES;
				GCC_WARN_UNUSED_VARIABLE = YES;
				IPHONEOS_DEPLOYMENT_TARGET = 10.2;
				MTL_ENABLE_DEBUG_INFO = NO;
				SDKROOT = iphoneos;
				SWIFT_OPTIMIZATION_LEVEL = "-Owholemodule";
				VALIDATE_PRODUCT = YES;
			};
			name = Release;
		};
		954DC0881E2D6744000F1C4B /* Debug */ = {
			isa = XCBuildConfiguration;
			buildSettings = {
				ASSETCATALOG_COMPILER_APPICON_NAME = AppIcon;
				DEVELOPMENT_TEAM = C8F6JTSD25;
				INFOPLIST_FILE = CleanerSeeker/Info.plist;
				IPHONEOS_DEPLOYMENT_TARGET = 9.0;
				LD_RUNPATH_SEARCH_PATHS = "$(inherited) @executable_path/Frameworks";
				PRODUCT_BUNDLE_IDENTIFIER = com.caiodias.CleanerSeeker;
				PRODUCT_NAME = "$(TARGET_NAME)";
				SWIFT_VERSION = 3.0;
			};
			name = Debug;
		};
		954DC0891E2D6744000F1C4B /* Release */ = {
			isa = XCBuildConfiguration;
			buildSettings = {
				ASSETCATALOG_COMPILER_APPICON_NAME = AppIcon;
				DEVELOPMENT_TEAM = C8F6JTSD25;
				INFOPLIST_FILE = CleanerSeeker/Info.plist;
				IPHONEOS_DEPLOYMENT_TARGET = 9.0;
				LD_RUNPATH_SEARCH_PATHS = "$(inherited) @executable_path/Frameworks";
				PRODUCT_BUNDLE_IDENTIFIER = com.caiodias.CleanerSeeker;
				PRODUCT_NAME = "$(TARGET_NAME)";
				SWIFT_VERSION = 3.0;
			};
			name = Release;
		};
		954DC08B1E2D6744000F1C4B /* Debug */ = {
			isa = XCBuildConfiguration;
			buildSettings = {
				ALWAYS_EMBED_SWIFT_STANDARD_LIBRARIES = YES;
				BUNDLE_LOADER = "$(TEST_HOST)";
				DEVELOPMENT_TEAM = C8F6JTSD25;
				INFOPLIST_FILE = CleanerSeekerTests/Info.plist;
				LD_RUNPATH_SEARCH_PATHS = "$(inherited) @executable_path/Frameworks @loader_path/Frameworks";
				PRODUCT_BUNDLE_IDENTIFIER = com.caiodias.CleanerSeekerTests;
				PRODUCT_NAME = "$(TARGET_NAME)";
				SWIFT_VERSION = 3.0;
				TEST_HOST = "$(BUILT_PRODUCTS_DIR)/CleanerSeeker.app/CleanerSeeker";
			};
			name = Debug;
		};
		954DC08C1E2D6744000F1C4B /* Release */ = {
			isa = XCBuildConfiguration;
			buildSettings = {
				ALWAYS_EMBED_SWIFT_STANDARD_LIBRARIES = YES;
				BUNDLE_LOADER = "$(TEST_HOST)";
				DEVELOPMENT_TEAM = C8F6JTSD25;
				INFOPLIST_FILE = CleanerSeekerTests/Info.plist;
				LD_RUNPATH_SEARCH_PATHS = "$(inherited) @executable_path/Frameworks @loader_path/Frameworks";
				PRODUCT_BUNDLE_IDENTIFIER = com.caiodias.CleanerSeekerTests;
				PRODUCT_NAME = "$(TARGET_NAME)";
				SWIFT_VERSION = 3.0;
				TEST_HOST = "$(BUILT_PRODUCTS_DIR)/CleanerSeeker.app/CleanerSeeker";
			};
			name = Release;
		};
/* End XCBuildConfiguration section */

/* Begin XCConfigurationList section */
		954DC0651E2D6743000F1C4B /* Build configuration list for PBXProject "CleanerSeeker" */ = {
			isa = XCConfigurationList;
			buildConfigurations = (
				954DC0851E2D6744000F1C4B /* Debug */,
				954DC0861E2D6744000F1C4B /* Release */,
			);
			defaultConfigurationIsVisible = 0;
			defaultConfigurationName = Release;
		};
		954DC0871E2D6744000F1C4B /* Build configuration list for PBXNativeTarget "CleanerSeeker" */ = {
			isa = XCConfigurationList;
			buildConfigurations = (
				954DC0881E2D6744000F1C4B /* Debug */,
				954DC0891E2D6744000F1C4B /* Release */,
			);
			defaultConfigurationIsVisible = 0;
			defaultConfigurationName = Release;
		};
		954DC08A1E2D6744000F1C4B /* Build configuration list for PBXNativeTarget "CleanerSeekerTests" */ = {
			isa = XCConfigurationList;
			buildConfigurations = (
				954DC08B1E2D6744000F1C4B /* Debug */,
				954DC08C1E2D6744000F1C4B /* Release */,
			);
			defaultConfigurationIsVisible = 0;
			defaultConfigurationName = Release;
		};
/* End XCConfigurationList section */
	};
	rootObject = 954DC0621E2D6743000F1C4B /* Project object */;
}
