// !$*UTF8*$!
{
	archiveVersion = 1;
	classes = {
	};
	objectVersion = 46;
	objects = {

/* Begin PBXBuildFile section */
		952F87CE1E86CD0900117E13 /* Parse.framework in Frameworks */ = {isa = PBXBuildFile; fileRef = 952F87CD1E86CD0900117E13 /* Parse.framework */; };
		954DC06E1E2D6743000F1C4B /* AppDelegate.swift in Sources */ = {isa = PBXBuildFile; fileRef = 954DC06D1E2D6743000F1C4B /* AppDelegate.swift */; };
		954DC0701E2D6743000F1C4B /* BasicVC.swift in Sources */ = {isa = PBXBuildFile; fileRef = 954DC06F1E2D6743000F1C4B /* BasicVC.swift */; };
		954DC0731E2D6743000F1C4B /* Main.storyboard in Resources */ = {isa = PBXBuildFile; fileRef = 954DC0711E2D6743000F1C4B /* Main.storyboard */; };
		954DC0751E2D6743000F1C4B /* Assets.xcassets in Resources */ = {isa = PBXBuildFile; fileRef = 954DC0741E2D6743000F1C4B /* Assets.xcassets */; };
		954DC0781E2D6743000F1C4B /* LaunchScreen.storyboard in Resources */ = {isa = PBXBuildFile; fileRef = 954DC0761E2D6743000F1C4B /* LaunchScreen.storyboard */; };
		954DC0831E2D6744000F1C4B /* CleanerSeekerTests.swift in Sources */ = {isa = PBXBuildFile; fileRef = 954DC0821E2D6744000F1C4B /* CleanerSeekerTests.swift */; };
		9574455D1E95735D00AD35CC /* CSUser.swift in Sources */ = {isa = PBXBuildFile; fileRef = 9574455C1E95735D00AD35CC /* CSUser.swift */; };
		959F6A341E9EAE51008E8526 /* PostListVC.swift in Sources */ = {isa = PBXBuildFile; fileRef = 959F6A331E9EAE51008E8526 /* PostListVC.swift */; };
		95B134671E467B5500838B3C /* Facade.swift in Sources */ = {isa = PBXBuildFile; fileRef = 95B134661E467B5500838B3C /* Facade.swift */; };
		95B134691E467B5F00838B3C /* ApiController.swift in Sources */ = {isa = PBXBuildFile; fileRef = 95B134681E467B5F00838B3C /* ApiController.swift */; };
		95B1346C1E467EC400838B3C /* Utilities.swift in Sources */ = {isa = PBXBuildFile; fileRef = 95B1346B1E467EC400838B3C /* Utilities.swift */; };
		95B134711E46826000838B3C /* Worker.swift in Sources */ = {isa = PBXBuildFile; fileRef = 95B134701E46826000838B3C /* Worker.swift */; };
		95B134731E4682D500838B3C /* JobPoster.swift in Sources */ = {isa = PBXBuildFile; fileRef = 95B134721E4682D500838B3C /* JobPoster.swift */; };
		95B134751E46830E00838B3C /* JobOpportunity.swift in Sources */ = {isa = PBXBuildFile; fileRef = 95B134741E46830E00838B3C /* JobOpportunity.swift */; };
		95B134771E4683DF00838B3C /* Deal.swift in Sources */ = {isa = PBXBuildFile; fileRef = 95B134761E4683DF00838B3C /* Deal.swift */; };
		95D823571E9017310029B894 /* ParseController.swift in Sources */ = {isa = PBXBuildFile; fileRef = 95D823561E9017310029B894 /* ParseController.swift */; };
		95F964281E89AFC2001969BB /* Koloda.framework in Frameworks */ = {isa = PBXBuildFile; fileRef = 95F964261E89AFC2001969BB /* Koloda.framework */; };
		95F964291E89AFC2001969BB /* Koloda.framework in Embed Frameworks */ = {isa = PBXBuildFile; fileRef = 95F964261E89AFC2001969BB /* Koloda.framework */; settings = {ATTRIBUTES = (CodeSignOnCopy, RemoveHeadersOnCopy, ); }; };
		95F9642A1E89AFC2001969BB /* pop.framework in Frameworks */ = {isa = PBXBuildFile; fileRef = 95F964271E89AFC2001969BB /* pop.framework */; };
		95F9642B1E89AFC2001969BB /* pop.framework in Embed Frameworks */ = {isa = PBXBuildFile; fileRef = 95F964271E89AFC2001969BB /* pop.framework */; settings = {ATTRIBUTES = (CodeSignOnCopy, RemoveHeadersOnCopy, ); }; };
		95F9642D1E89B052001969BB /* FindJobOffersVC.swift in Sources */ = {isa = PBXBuildFile; fileRef = 95F9642C1E89B052001969BB /* FindJobOffersVC.swift */; };
		95F964301E89B164001969BB /* FindJobOffersDataSource.swift in Sources */ = {isa = PBXBuildFile; fileRef = 95F9642F1E89B164001969BB /* FindJobOffersDataSource.swift */; };
		95F964431E8AF724001969BB /* AplliedJobsHistoryVC.swift in Sources */ = {isa = PBXBuildFile; fileRef = 95F964421E8AF724001969BB /* AplliedJobsHistoryVC.swift */; };
		95F964471E8AF973001969BB /* JobHistoryCell.xib in Resources */ = {isa = PBXBuildFile; fileRef = 95F964461E8AF973001969BB /* JobHistoryCell.xib */; };
		95F964491E8AFA33001969BB /* JobHistoryCell.swift in Sources */ = {isa = PBXBuildFile; fileRef = 95F964481E8AFA33001969BB /* JobHistoryCell.swift */; };
		C1442B9C1E9ECEAA00A9C99E /* ProvileViewController+Delegates.swift in Sources */ = {isa = PBXBuildFile; fileRef = C1442B9B1E9ECEAA00A9C99E /* ProvileViewController+Delegates.swift */; };
		C14620C51E89A65D00DA26A3 /* Bolts.framework in Frameworks */ = {isa = PBXBuildFile; fileRef = 952F87CF1E86CD2C00117E13 /* Bolts.framework */; };
		C14620C61E89A65D00DA26A3 /* Bolts.framework in Embed Frameworks */ = {isa = PBXBuildFile; fileRef = 952F87CF1E86CD2C00117E13 /* Bolts.framework */; settings = {ATTRIBUTES = (CodeSignOnCopy, RemoveHeadersOnCopy, ); }; };
		C14620C81E89A65D00DA26A3 /* Parse.framework in Embed Frameworks */ = {isa = PBXBuildFile; fileRef = 952F87CD1E86CD0900117E13 /* Parse.framework */; settings = {ATTRIBUTES = (CodeSignOnCopy, RemoveHeadersOnCopy, ); }; };
		C146FCE91E932EB10070B659 /* ResetPasswordViewController.swift in Sources */ = {isa = PBXBuildFile; fileRef = C146FCE81E932EB10070B659 /* ResetPasswordViewController.swift */; };
		C18C2B681E8C57130085D838 /* SignUpFirstStepViewController.swift in Sources */ = {isa = PBXBuildFile; fileRef = C18C2B671E8C57130085D838 /* SignUpFirstStepViewController.swift */; };
		E11D6C641E86BBD3002A232F /* ProfileViewController.swift in Sources */ = {isa = PBXBuildFile; fileRef = E11D6C631E86BBD3002A232F /* ProfileViewController.swift */; };
		E182CF491E89B6B2003A7687 /* AddNewPostViewController.swift in Sources */ = {isa = PBXBuildFile; fileRef = E182CF481E89B6B2003A7687 /* AddNewPostViewController.swift */; };
		E1B6F3681E838197008D608B /* LoginViewController.swift in Sources */ = {isa = PBXBuildFile; fileRef = E1B6F3671E838196008D608B /* LoginViewController.swift */; };
/* End PBXBuildFile section */

/* Begin PBXContainerItemProxy section */
		954DC07F1E2D6744000F1C4B /* PBXContainerItemProxy */ = {
			isa = PBXContainerItemProxy;
			containerPortal = 954DC0621E2D6743000F1C4B /* Project object */;
			proxyType = 1;
			remoteGlobalIDString = 954DC0691E2D6743000F1C4B;
			remoteInfo = CleanerSeeker;
		};
/* End PBXContainerItemProxy section */

/* Begin PBXCopyFilesBuildPhase section */
		C14620C91E89A65D00DA26A3 /* Embed Frameworks */ = {
			isa = PBXCopyFilesBuildPhase;
			buildActionMask = 2147483647;
			dstPath = "";
			dstSubfolderSpec = 10;
			files = (
				95F9642B1E89AFC2001969BB /* pop.framework in Embed Frameworks */,
				95F964291E89AFC2001969BB /* Koloda.framework in Embed Frameworks */,
				C14620C81E89A65D00DA26A3 /* Parse.framework in Embed Frameworks */,
				C14620C61E89A65D00DA26A3 /* Bolts.framework in Embed Frameworks */,
			);
			name = "Embed Frameworks";
			runOnlyForDeploymentPostprocessing = 0;
		};
/* End PBXCopyFilesBuildPhase section */

/* Begin PBXFileReference section */
		952F87CD1E86CD0900117E13 /* Parse.framework */ = {isa = PBXFileReference; lastKnownFileType = wrapper.framework; name = Parse.framework; path = Carthage/Build/iOS/Parse.framework; sourceTree = "<group>"; };
		952F87CF1E86CD2C00117E13 /* Bolts.framework */ = {isa = PBXFileReference; lastKnownFileType = wrapper.framework; name = Bolts.framework; path = Carthage/Build/iOS/Bolts.framework; sourceTree = "<group>"; };
		954DC06A1E2D6743000F1C4B /* CleanerSeeker.app */ = {isa = PBXFileReference; explicitFileType = wrapper.application; includeInIndex = 0; path = CleanerSeeker.app; sourceTree = BUILT_PRODUCTS_DIR; };
		954DC06D1E2D6743000F1C4B /* AppDelegate.swift */ = {isa = PBXFileReference; lastKnownFileType = sourcecode.swift; path = AppDelegate.swift; sourceTree = "<group>"; };
		954DC06F1E2D6743000F1C4B /* BasicVC.swift */ = {isa = PBXFileReference; lastKnownFileType = sourcecode.swift; path = BasicVC.swift; sourceTree = "<group>"; };
		954DC0721E2D6743000F1C4B /* Base */ = {isa = PBXFileReference; lastKnownFileType = file.storyboard; name = Base; path = Base.lproj/Main.storyboard; sourceTree = "<group>"; };
		954DC0741E2D6743000F1C4B /* Assets.xcassets */ = {isa = PBXFileReference; lastKnownFileType = folder.assetcatalog; path = Assets.xcassets; sourceTree = "<group>"; };
		954DC0771E2D6743000F1C4B /* Base */ = {isa = PBXFileReference; lastKnownFileType = file.storyboard; name = Base; path = Base.lproj/LaunchScreen.storyboard; sourceTree = "<group>"; };
		954DC0791E2D6743000F1C4B /* Info.plist */ = {isa = PBXFileReference; lastKnownFileType = text.plist.xml; path = Info.plist; sourceTree = "<group>"; };
		954DC07E1E2D6744000F1C4B /* CleanerSeekerTests.xctest */ = {isa = PBXFileReference; explicitFileType = wrapper.cfbundle; includeInIndex = 0; path = CleanerSeekerTests.xctest; sourceTree = BUILT_PRODUCTS_DIR; };
		954DC0821E2D6744000F1C4B /* CleanerSeekerTests.swift */ = {isa = PBXFileReference; lastKnownFileType = sourcecode.swift; path = CleanerSeekerTests.swift; sourceTree = "<group>"; };
		954DC0841E2D6744000F1C4B /* Info.plist */ = {isa = PBXFileReference; lastKnownFileType = text.plist.xml; path = Info.plist; sourceTree = "<group>"; };
		9574455C1E95735D00AD35CC /* CSUser.swift */ = {isa = PBXFileReference; fileEncoding = 4; lastKnownFileType = sourcecode.swift; path = CSUser.swift; sourceTree = "<group>"; };
		959F6A331E9EAE51008E8526 /* PostListVC.swift */ = {isa = PBXFileReference; fileEncoding = 4; lastKnownFileType = sourcecode.swift; path = PostListVC.swift; sourceTree = "<group>"; };
		95B134661E467B5500838B3C /* Facade.swift */ = {isa = PBXFileReference; fileEncoding = 4; lastKnownFileType = sourcecode.swift; path = Facade.swift; sourceTree = "<group>"; };
		95B134681E467B5F00838B3C /* ApiController.swift */ = {isa = PBXFileReference; fileEncoding = 4; lastKnownFileType = sourcecode.swift; path = ApiController.swift; sourceTree = "<group>"; };
		95B1346B1E467EC400838B3C /* Utilities.swift */ = {isa = PBXFileReference; fileEncoding = 4; lastKnownFileType = sourcecode.swift; path = Utilities.swift; sourceTree = "<group>"; };
		95B134701E46826000838B3C /* Worker.swift */ = {isa = PBXFileReference; fileEncoding = 4; lastKnownFileType = sourcecode.swift; path = Worker.swift; sourceTree = "<group>"; };
		95B134721E4682D500838B3C /* JobPoster.swift */ = {isa = PBXFileReference; fileEncoding = 4; lastKnownFileType = sourcecode.swift; path = JobPoster.swift; sourceTree = "<group>"; };
		95B134741E46830E00838B3C /* JobOpportunity.swift */ = {isa = PBXFileReference; fileEncoding = 4; lastKnownFileType = sourcecode.swift; path = JobOpportunity.swift; sourceTree = "<group>"; };
		95B134761E4683DF00838B3C /* Deal.swift */ = {isa = PBXFileReference; fileEncoding = 4; lastKnownFileType = sourcecode.swift; path = Deal.swift; sourceTree = "<group>"; };
		95D823561E9017310029B894 /* ParseController.swift */ = {isa = PBXFileReference; fileEncoding = 4; lastKnownFileType = sourcecode.swift; path = ParseController.swift; sourceTree = "<group>"; };
		95F964261E89AFC2001969BB /* Koloda.framework */ = {isa = PBXFileReference; lastKnownFileType = wrapper.framework; name = Koloda.framework; path = Carthage/Build/iOS/Koloda.framework; sourceTree = "<group>"; };
		95F964271E89AFC2001969BB /* pop.framework */ = {isa = PBXFileReference; lastKnownFileType = wrapper.framework; name = pop.framework; path = Carthage/Build/iOS/pop.framework; sourceTree = "<group>"; };
		95F9642C1E89B052001969BB /* FindJobOffersVC.swift */ = {isa = PBXFileReference; fileEncoding = 4; lastKnownFileType = sourcecode.swift; path = FindJobOffersVC.swift; sourceTree = "<group>"; };
		95F9642F1E89B164001969BB /* FindJobOffersDataSource.swift */ = {isa = PBXFileReference; fileEncoding = 4; lastKnownFileType = sourcecode.swift; path = FindJobOffersDataSource.swift; sourceTree = "<group>"; };
		95F964421E8AF724001969BB /* AplliedJobsHistoryVC.swift */ = {isa = PBXFileReference; fileEncoding = 4; lastKnownFileType = sourcecode.swift; path = AplliedJobsHistoryVC.swift; sourceTree = "<group>"; };
		95F964461E8AF973001969BB /* JobHistoryCell.xib */ = {isa = PBXFileReference; fileEncoding = 4; lastKnownFileType = file.xib; path = JobHistoryCell.xib; sourceTree = "<group>"; };
		95F964481E8AFA33001969BB /* JobHistoryCell.swift */ = {isa = PBXFileReference; fileEncoding = 4; lastKnownFileType = sourcecode.swift; path = JobHistoryCell.swift; sourceTree = "<group>"; };
		C1442B9B1E9ECEAA00A9C99E /* ProvileViewController+Delegates.swift */ = {isa = PBXFileReference; fileEncoding = 4; lastKnownFileType = sourcecode.swift; path = "ProvileViewController+Delegates.swift"; sourceTree = "<group>"; };
		C146FCE81E932EB10070B659 /* ResetPasswordViewController.swift */ = {isa = PBXFileReference; fileEncoding = 4; lastKnownFileType = sourcecode.swift; path = ResetPasswordViewController.swift; sourceTree = "<group>"; };
		C18C2B671E8C57130085D838 /* SignUpFirstStepViewController.swift */ = {isa = PBXFileReference; fileEncoding = 4; lastKnownFileType = sourcecode.swift; path = SignUpFirstStepViewController.swift; sourceTree = "<group>"; };
		E11D6C631E86BBD3002A232F /* ProfileViewController.swift */ = {isa = PBXFileReference; fileEncoding = 4; lastKnownFileType = sourcecode.swift; path = ProfileViewController.swift; sourceTree = "<group>"; };
		E182CF481E89B6B2003A7687 /* AddNewPostViewController.swift */ = {isa = PBXFileReference; fileEncoding = 4; lastKnownFileType = sourcecode.swift; path = AddNewPostViewController.swift; sourceTree = "<group>"; };
		E1B6F3671E838196008D608B /* LoginViewController.swift */ = {isa = PBXFileReference; fileEncoding = 4; lastKnownFileType = sourcecode.swift; path = LoginViewController.swift; sourceTree = "<group>"; };
/* End PBXFileReference section */

/* Begin PBXFrameworksBuildPhase section */
		954DC0671E2D6743000F1C4B /* Frameworks */ = {
			isa = PBXFrameworksBuildPhase;
			buildActionMask = 2147483647;
			files = (
				95F9642A1E89AFC2001969BB /* pop.framework in Frameworks */,
				95F964281E89AFC2001969BB /* Koloda.framework in Frameworks */,
				C14620C51E89A65D00DA26A3 /* Bolts.framework in Frameworks */,
				952F87CE1E86CD0900117E13 /* Parse.framework in Frameworks */,
			);
			runOnlyForDeploymentPostprocessing = 0;
		};
		954DC07B1E2D6744000F1C4B /* Frameworks */ = {
			isa = PBXFrameworksBuildPhase;
			buildActionMask = 2147483647;
			files = (
			);
			runOnlyForDeploymentPostprocessing = 0;
		};
/* End PBXFrameworksBuildPhase section */

/* Begin PBXGroup section */
		952F87CC1E86CD0900117E13 /* Frameworks */ = {
			isa = PBXGroup;
			children = (
				95F964261E89AFC2001969BB /* Koloda.framework */,
				95F964271E89AFC2001969BB /* pop.framework */,
				952F87CF1E86CD2C00117E13 /* Bolts.framework */,
				952F87CD1E86CD0900117E13 /* Parse.framework */,
			);
			name = Frameworks;
			sourceTree = "<group>";
		};
		954DC0611E2D6743000F1C4B = {
			isa = PBXGroup;
			children = (
				954DC06C1E2D6743000F1C4B /* CleanerSeeker */,
				954DC0811E2D6744000F1C4B /* CleanerSeekerTests */,
				954DC06B1E2D6743000F1C4B /* Products */,
				952F87CC1E86CD0900117E13 /* Frameworks */,
			);
			sourceTree = "<group>";
		};
		954DC06B1E2D6743000F1C4B /* Products */ = {
			isa = PBXGroup;
			children = (
				954DC06A1E2D6743000F1C4B /* CleanerSeeker.app */,
				954DC07E1E2D6744000F1C4B /* CleanerSeekerTests.xctest */,
			);
			name = Products;
			sourceTree = "<group>";
		};
		954DC06C1E2D6743000F1C4B /* CleanerSeeker */ = {
			isa = PBXGroup;
			children = (
				954DC06D1E2D6743000F1C4B /* AppDelegate.swift */,
				954DC0741E2D6743000F1C4B /* Assets.xcassets */,
				954DC0791E2D6743000F1C4B /* Info.plist */,
				954DC0761E2D6743000F1C4B /* LaunchScreen.storyboard */,
				954DC0711E2D6743000F1C4B /* Main.storyboard */,
				95B1346B1E467EC400838B3C /* Utilities.swift */,
				95B134781E46847A00838B3C /* Controllers */,
				95B1346F1E46823A00838B3C /* Models */,
				95B1346A1E467B7200838B3C /* Screens */,
			);
			path = CleanerSeeker;
			sourceTree = "<group>";
		};
		954DC0811E2D6744000F1C4B /* CleanerSeekerTests */ = {
			isa = PBXGroup;
			children = (
				954DC0821E2D6744000F1C4B /* CleanerSeekerTests.swift */,
				954DC0841E2D6744000F1C4B /* Info.plist */,
			);
			path = CleanerSeekerTests;
			sourceTree = "<group>";
		};
		95B1346A1E467B7200838B3C /* Screens */ = {
			isa = PBXGroup;
			children = (
				954DC06F1E2D6743000F1C4B /* BasicVC.swift */,
				95B134661E467B5500838B3C /* Facade.swift */,
				95F9644A1E8AFE2C001969BB /* Job History Cell */,
				95F9642E1E89B126001969BB /* Apply Flow */,
				95F964221E89AACC001969BB /* Login Flow */,
				E1108A961E93387000FD47C7 /* Post Flow */,
			);
			name = Screens;
			sourceTree = "<group>";
		};
		95B1346F1E46823A00838B3C /* Models */ = {
			isa = PBXGroup;
			children = (
				95B134761E4683DF00838B3C /* Deal.swift */,
				95B134741E46830E00838B3C /* JobOpportunity.swift */,
				95B134721E4682D500838B3C /* JobPoster.swift */,
				9574455C1E95735D00AD35CC /* CSUser.swift */,
				95B134701E46826000838B3C /* Worker.swift */,
			);
			name = Models;
			sourceTree = "<group>";
		};
		95B134781E46847A00838B3C /* Controllers */ = {
			isa = PBXGroup;
			children = (
				95B134681E467B5F00838B3C /* ApiController.swift */,
				95D823561E9017310029B894 /* ParseController.swift */,
			);
			name = Controllers;
			sourceTree = "<group>";
		};
		95F964221E89AACC001969BB /* Login Flow */ = {
			isa = PBXGroup;
			children = (
				E11D6C631E86BBD3002A232F /* ProfileViewController.swift */,
				E1B6F3671E838196008D608B /* LoginViewController.swift */,
				C18C2B671E8C57130085D838 /* SignUpFirstStepViewController.swift */,
				C146FCE81E932EB10070B659 /* ResetPasswordViewController.swift */,
				C1442B9B1E9ECEAA00A9C99E /* ProvileViewController+Delegates.swift */,
			);
			name = "Login Flow";
			sourceTree = "<group>";
		};
		95F9642E1E89B126001969BB /* Apply Flow */ = {
			isa = PBXGroup;
			children = (
				95F964441E8AF94C001969BB /* Find Job Offer */,
				95F964451E8AF955001969BB /* Applied Job History */,
			);
			name = "Apply Flow";
			sourceTree = "<group>";
		};
		95F964441E8AF94C001969BB /* Find Job Offer */ = {
			isa = PBXGroup;
			children = (
				95F9642C1E89B052001969BB /* FindJobOffersVC.swift */,
				95F9642F1E89B164001969BB /* FindJobOffersDataSource.swift */,
			);
			name = "Find Job Offer";
			sourceTree = "<group>";
		};
		95F964451E8AF955001969BB /* Applied Job History */ = {
			isa = PBXGroup;
			children = (
				95F964421E8AF724001969BB /* AplliedJobsHistoryVC.swift */,
			);
			name = "Applied Job History";
			sourceTree = "<group>";
		};
		95F9644A1E8AFE2C001969BB /* Job History Cell */ = {
			isa = PBXGroup;
			children = (
				95F964461E8AF973001969BB /* JobHistoryCell.xib */,
				95F964481E8AFA33001969BB /* JobHistoryCell.swift */,
			);
			name = "Job History Cell";
			sourceTree = "<group>";
		};
		E1108A961E93387000FD47C7 /* Post Flow */ = {
			isa = PBXGroup;
			children = (
				E182CF481E89B6B2003A7687 /* AddNewPostViewController.swift */,
				959F6A331E9EAE51008E8526 /* PostListVC.swift */,
			);
			name = "Post Flow";
			sourceTree = "<group>";
		};
/* End PBXGroup section */

/* Begin PBXNativeTarget section */
		954DC0691E2D6743000F1C4B /* CleanerSeeker */ = {
			isa = PBXNativeTarget;
			buildConfigurationList = 954DC0871E2D6744000F1C4B /* Build configuration list for PBXNativeTarget "CleanerSeeker" */;
			buildPhases = (
				954DC0661E2D6743000F1C4B /* Sources */,
				954DC0671E2D6743000F1C4B /* Frameworks */,
				954DC0681E2D6743000F1C4B /* Resources */,
				95F10D8F1E831A41007C7A62 /* Run Script */,
				C14620C91E89A65D00DA26A3 /* Embed Frameworks */,
			);
			buildRules = (
			);
			dependencies = (
			);
			name = CleanerSeeker;
			productName = CleanerSeeker;
			productReference = 954DC06A1E2D6743000F1C4B /* CleanerSeeker.app */;
			productType = "com.apple.product-type.application";
		};
		954DC07D1E2D6744000F1C4B /* CleanerSeekerTests */ = {
			isa = PBXNativeTarget;
			buildConfigurationList = 954DC08A1E2D6744000F1C4B /* Build configuration list for PBXNativeTarget "CleanerSeekerTests" */;
			buildPhases = (
				954DC07A1E2D6744000F1C4B /* Sources */,
				954DC07B1E2D6744000F1C4B /* Frameworks */,
				954DC07C1E2D6744000F1C4B /* Resources */,
			);
			buildRules = (
			);
			dependencies = (
				954DC0801E2D6744000F1C4B /* PBXTargetDependency */,
			);
			name = CleanerSeekerTests;
			productName = CleanerSeekerTests;
			productReference = 954DC07E1E2D6744000F1C4B /* CleanerSeekerTests.xctest */;
			productType = "com.apple.product-type.bundle.unit-test";
		};
/* End PBXNativeTarget section */

/* Begin PBXProject section */
		954DC0621E2D6743000F1C4B /* Project object */ = {
			isa = PBXProject;
			attributes = {
				LastSwiftUpdateCheck = 0820;
				LastUpgradeCheck = 0820;
				ORGANIZATIONNAME = "Caio Dias";
				TargetAttributes = {
					954DC0691E2D6743000F1C4B = {
						CreatedOnToolsVersion = 8.2.1;
						DevelopmentTeam = C8F6JTSD25;
						ProvisioningStyle = Automatic;
					};
					954DC07D1E2D6744000F1C4B = {
						CreatedOnToolsVersion = 8.2.1;
						DevelopmentTeam = C8F6JTSD25;
						ProvisioningStyle = Automatic;
						TestTargetID = 954DC0691E2D6743000F1C4B;
					};
				};
			};
			buildConfigurationList = 954DC0651E2D6743000F1C4B /* Build configuration list for PBXProject "CleanerSeeker" */;
			compatibilityVersion = "Xcode 3.2";
			developmentRegion = English;
			hasScannedForEncodings = 0;
			knownRegions = (
				en,
				Base,
			);
			mainGroup = 954DC0611E2D6743000F1C4B;
			productRefGroup = 954DC06B1E2D6743000F1C4B /* Products */;
			projectDirPath = "";
			projectRoot = "";
			targets = (
				954DC0691E2D6743000F1C4B /* CleanerSeeker */,
				954DC07D1E2D6744000F1C4B /* CleanerSeekerTests */,
			);
		};
/* End PBXProject section */

/* Begin PBXResourcesBuildPhase section */
		954DC0681E2D6743000F1C4B /* Resources */ = {
			isa = PBXResourcesBuildPhase;
			buildActionMask = 2147483647;
			files = (
				95F964471E8AF973001969BB /* JobHistoryCell.xib in Resources */,
				954DC0781E2D6743000F1C4B /* LaunchScreen.storyboard in Resources */,
				954DC0751E2D6743000F1C4B /* Assets.xcassets in Resources */,
				954DC0731E2D6743000F1C4B /* Main.storyboard in Resources */,
			);
			runOnlyForDeploymentPostprocessing = 0;
		};
		954DC07C1E2D6744000F1C4B /* Resources */ = {
			isa = PBXResourcesBuildPhase;
			buildActionMask = 2147483647;
			files = (
			);
			runOnlyForDeploymentPostprocessing = 0;
		};
/* End PBXResourcesBuildPhase section */

/* Begin PBXShellScriptBuildPhase section */
		95F10D8F1E831A41007C7A62 /* Run Script */ = {
			isa = PBXShellScriptBuildPhase;
			buildActionMask = 2147483647;
			files = (
			);
			inputPaths = (
			);
			name = "Run Script";
			outputPaths = (
			);
			runOnlyForDeploymentPostprocessing = 0;
			shellPath = /bin/sh;
			shellScript = "if which swiftlint >/dev/null; then\nswiftlint autocorrect\nswiftlint\nelse\necho \"warning: SwiftLint not installed, download from https://github.com/realm/SwiftLint\"\nfi";
		};
/* End PBXShellScriptBuildPhase section */

/* Begin PBXSourcesBuildPhase section */
		954DC0661E2D6743000F1C4B /* Sources */ = {
			isa = PBXSourcesBuildPhase;
			buildActionMask = 2147483647;
			files = (
				95B134691E467B5F00838B3C /* ApiController.swift in Sources */,
				C18C2B681E8C57130085D838 /* SignUpFirstStepViewController.swift in Sources */,
				95B134671E467B5500838B3C /* Facade.swift in Sources */,
				C146FCE91E932EB10070B659 /* ResetPasswordViewController.swift in Sources */,
				95B134731E4682D500838B3C /* JobPoster.swift in Sources */,
				95F964431E8AF724001969BB /* AplliedJobsHistoryVC.swift in Sources */,
				95F964301E89B164001969BB /* FindJobOffersDataSource.swift in Sources */,
				95F964491E8AFA33001969BB /* JobHistoryCell.swift in Sources */,
				95F9642D1E89B052001969BB /* FindJobOffersVC.swift in Sources */,
				C1442B9C1E9ECEAA00A9C99E /* ProvileViewController+Delegates.swift in Sources */,
				E1B6F3681E838197008D608B /* LoginViewController.swift in Sources */,
				95D823571E9017310029B894 /* ParseController.swift in Sources */,
				95B134751E46830E00838B3C /* JobOpportunity.swift in Sources */,
				959F6A341E9EAE51008E8526 /* PostListVC.swift in Sources */,
				E182CF491E89B6B2003A7687 /* AddNewPostViewController.swift in Sources */,
				954DC0701E2D6743000F1C4B /* BasicVC.swift in Sources */,
				95B1346C1E467EC400838B3C /* Utilities.swift in Sources */,
				95B134771E4683DF00838B3C /* Deal.swift in Sources */,
				E11D6C641E86BBD3002A232F /* ProfileViewController.swift in Sources */,
				954DC06E1E2D6743000F1C4B /* AppDelegate.swift in Sources */,
				9574455D1E95735D00AD35CC /* CSUser.swift in Sources */,
				95B134711E46826000838B3C /* Worker.swift in Sources */,
			);
			runOnlyForDeploymentPostprocessing = 0;
		};
		954DC07A1E2D6744000F1C4B /* Sources */ = {
			isa = PBXSourcesBuildPhase;
			buildActionMask = 2147483647;
			files = (
				954DC0831E2D6744000F1C4B /* CleanerSeekerTests.swift in Sources */,
			);
			runOnlyForDeploymentPostprocessing = 0;
		};
/* End PBXSourcesBuildPhase section */

/* Begin PBXTargetDependency section */
		954DC0801E2D6744000F1C4B /* PBXTargetDependency */ = {
			isa = PBXTargetDependency;
			target = 954DC0691E2D6743000F1C4B /* CleanerSeeker */;
			targetProxy = 954DC07F1E2D6744000F1C4B /* PBXContainerItemProxy */;
		};
/* End PBXTargetDependency section */

/* Begin PBXVariantGroup section */
		954DC0711E2D6743000F1C4B /* Main.storyboard */ = {
			isa = PBXVariantGroup;
			children = (
				954DC0721E2D6743000F1C4B /* Base */,
			);
			name = Main.storyboard;
			sourceTree = "<group>";
		};
		954DC0761E2D6743000F1C4B /* LaunchScreen.storyboard */ = {
			isa = PBXVariantGroup;
			children = (
				954DC0771E2D6743000F1C4B /* Base */,
			);
			name = LaunchScreen.storyboard;
			sourceTree = "<group>";
		};
/* End PBXVariantGroup section */

/* Begin XCBuildConfiguration section */
		954DC0851E2D6744000F1C4B /* Debug */ = {
			isa = XCBuildConfiguration;
			buildSettings = {
				ALWAYS_SEARCH_USER_PATHS = NO;
				CLANG_ANALYZER_NONNULL = YES;
				CLANG_CXX_LANGUAGE_STANDARD = "gnu++0x";
				CLANG_CXX_LIBRARY = "libc++";
				CLANG_ENABLE_MODULES = YES;
				CLANG_ENABLE_OBJC_ARC = YES;
				CLANG_WARN_BOOL_CONVERSION = YES;
				CLANG_WARN_CONSTANT_CONVERSION = YES;
				CLANG_WARN_DIRECT_OBJC_ISA_USAGE = YES_ERROR;
				CLANG_WARN_DOCUMENTATION_COMMENTS = YES;
				CLANG_WARN_EMPTY_BODY = YES;
				CLANG_WARN_ENUM_CONVERSION = YES;
				CLANG_WARN_INFINITE_RECURSION = YES;
				CLANG_WARN_INT_CONVERSION = YES;
				CLANG_WARN_OBJC_ROOT_CLASS = YES_ERROR;
				CLANG_WARN_SUSPICIOUS_MOVE = YES;
				CLANG_WARN_UNREACHABLE_CODE = YES;
				CLANG_WARN__DUPLICATE_METHOD_MATCH = YES;
				"CODE_SIGN_IDENTITY[sdk=iphoneos*]" = "iPhone Developer";
				COPY_PHASE_STRIP = NO;
				DEBUG_INFORMATION_FORMAT = dwarf;
				ENABLE_STRICT_OBJC_MSGSEND = YES;
				ENABLE_TESTABILITY = YES;
				GCC_C_LANGUAGE_STANDARD = gnu99;
				GCC_DYNAMIC_NO_PIC = NO;
				GCC_NO_COMMON_BLOCKS = YES;
				GCC_OPTIMIZATION_LEVEL = 0;
				GCC_PREPROCESSOR_DEFINITIONS = (
					"DEBUG=1",
					"$(inherited)",
				);
				GCC_WARN_64_TO_32_BIT_CONVERSION = YES;
				GCC_WARN_ABOUT_RETURN_TYPE = YES_ERROR;
				GCC_WARN_UNDECLARED_SELECTOR = YES;
				GCC_WARN_UNINITIALIZED_AUTOS = YES_AGGRESSIVE;
				GCC_WARN_UNUSED_FUNCTION = YES;
				GCC_WARN_UNUSED_VARIABLE = YES;
				IPHONEOS_DEPLOYMENT_TARGET = 10.2;
				MTL_ENABLE_DEBUG_INFO = YES;
				ONLY_ACTIVE_ARCH = YES;
				SDKROOT = iphoneos;
				SWIFT_ACTIVE_COMPILATION_CONDITIONS = DEBUG;
				SWIFT_OPTIMIZATION_LEVEL = "-Onone";
			};
			name = Debug;
		};
		954DC0861E2D6744000F1C4B /* Release */ = {
			isa = XCBuildConfiguration;
			buildSettings = {
				ALWAYS_SEARCH_USER_PATHS = NO;
				CLANG_ANALYZER_NONNULL = YES;
				CLANG_CXX_LANGUAGE_STANDARD = "gnu++0x";
				CLANG_CXX_LIBRARY = "libc++";
				CLANG_ENABLE_MODULES = YES;
				CLANG_ENABLE_OBJC_ARC = YES;
				CLANG_WARN_BOOL_CONVERSION = YES;
				CLANG_WARN_CONSTANT_CONVERSION = YES;
				CLANG_WARN_DIRECT_OBJC_ISA_USAGE = YES_ERROR;
				CLANG_WARN_DOCUMENTATION_COMMENTS = YES;
				CLANG_WARN_EMPTY_BODY = YES;
				CLANG_WARN_ENUM_CONVERSION = YES;
				CLANG_WARN_INFINITE_RECURSION = YES;
				CLANG_WARN_INT_CONVERSION = YES;
				CLANG_WARN_OBJC_ROOT_CLASS = YES_ERROR;
				CLANG_WARN_SUSPICIOUS_MOVE = YES;
				CLANG_WARN_UNREACHABLE_CODE = YES;
				CLANG_WARN__DUPLICATE_METHOD_MATCH = YES;
				"CODE_SIGN_IDENTITY[sdk=iphoneos*]" = "iPhone Developer";
				COPY_PHASE_STRIP = NO;
				DEBUG_INFORMATION_FORMAT = "dwarf-with-dsym";
				ENABLE_NS_ASSERTIONS = NO;
				ENABLE_STRICT_OBJC_MSGSEND = YES;
				GCC_C_LANGUAGE_STANDARD = gnu99;
				GCC_NO_COMMON_BLOCKS = YES;
				GCC_WARN_64_TO_32_BIT_CONVERSION = YES;
				GCC_WARN_ABOUT_RETURN_TYPE = YES_ERROR;
				GCC_WARN_UNDECLARED_SELECTOR = YES;
				GCC_WARN_UNINITIALIZED_AUTOS = YES_AGGRESSIVE;
				GCC_WARN_UNUSED_FUNCTION = YES;
				GCC_WARN_UNUSED_VARIABLE = YES;
				IPHONEOS_DEPLOYMENT_TARGET = 10.2;
				MTL_ENABLE_DEBUG_INFO = NO;
				SDKROOT = iphoneos;
				SWIFT_OPTIMIZATION_LEVEL = "-Owholemodule";
				VALIDATE_PRODUCT = YES;
			};
			name = Release;
		};
		954DC0881E2D6744000F1C4B /* Debug */ = {
			isa = XCBuildConfiguration;
			buildSettings = {
				ASSETCATALOG_COMPILER_APPICON_NAME = AppIcon;
				DEVELOPMENT_TEAM = C8F6JTSD25;
				FRAMEWORK_SEARCH_PATHS = (
					"$(inherited)",
					"$(PROJECT_DIR)/Carthage/Build/iOS",
				);
				INFOPLIST_FILE = CleanerSeeker/Info.plist;
				IPHONEOS_DEPLOYMENT_TARGET = 10.0;
				LD_RUNPATH_SEARCH_PATHS = "$(inherited) @executable_path/Frameworks";
				PRODUCT_BUNDLE_IDENTIFIER = com.caiodias.CleanerSeeker;
				PRODUCT_NAME = "$(TARGET_NAME)";
				SWIFT_VERSION = 3.0;
			};
			name = Debug;
		};
		954DC0891E2D6744000F1C4B /* Release */ = {
			isa = XCBuildConfiguration;
			buildSettings = {
				ASSETCATALOG_COMPILER_APPICON_NAME = AppIcon;
				DEVELOPMENT_TEAM = C8F6JTSD25;
				FRAMEWORK_SEARCH_PATHS = (
					"$(inherited)",
					"$(PROJECT_DIR)/Carthage/Build/iOS",
				);
				INFOPLIST_FILE = CleanerSeeker/Info.plist;
				IPHONEOS_DEPLOYMENT_TARGET = 10.0;
				LD_RUNPATH_SEARCH_PATHS = "$(inherited) @executable_path/Frameworks";
				PRODUCT_BUNDLE_IDENTIFIER = com.caiodias.CleanerSeeker;
				PRODUCT_NAME = "$(TARGET_NAME)";
				SWIFT_VERSION = 3.0;
			};
			name = Release;
		};
		954DC08B1E2D6744000F1C4B /* Debug */ = {
			isa = XCBuildConfiguration;
			buildSettings = {
				ALWAYS_EMBED_SWIFT_STANDARD_LIBRARIES = YES;
				BUNDLE_LOADER = "$(TEST_HOST)";
				DEVELOPMENT_TEAM = C8F6JTSD25;
				INFOPLIST_FILE = CleanerSeekerTests/Info.plist;
				LD_RUNPATH_SEARCH_PATHS = "$(inherited) @executable_path/Frameworks @loader_path/Frameworks";
				PRODUCT_BUNDLE_IDENTIFIER = com.caiodias.CleanerSeekerTests;
				PRODUCT_NAME = "$(TARGET_NAME)";
				SWIFT_VERSION = 3.0;
				TEST_HOST = "$(BUILT_PRODUCTS_DIR)/CleanerSeeker.app/CleanerSeeker";
			};
			name = Debug;
		};
		954DC08C1E2D6744000F1C4B /* Release */ = {
			isa = XCBuildConfiguration;
			buildSettings = {
				ALWAYS_EMBED_SWIFT_STANDARD_LIBRARIES = YES;
				BUNDLE_LOADER = "$(TEST_HOST)";
				DEVELOPMENT_TEAM = C8F6JTSD25;
				INFOPLIST_FILE = CleanerSeekerTests/Info.plist;
				LD_RUNPATH_SEARCH_PATHS = "$(inherited) @executable_path/Frameworks @loader_path/Frameworks";
				PRODUCT_BUNDLE_IDENTIFIER = com.caiodias.CleanerSeekerTests;
				PRODUCT_NAME = "$(TARGET_NAME)";
				SWIFT_VERSION = 3.0;
				TEST_HOST = "$(BUILT_PRODUCTS_DIR)/CleanerSeeker.app/CleanerSeeker";
			};
			name = Release;
		};
/* End XCBuildConfiguration section */

/* Begin XCConfigurationList section */
		954DC0651E2D6743000F1C4B /* Build configuration list for PBXProject "CleanerSeeker" */ = {
			isa = XCConfigurationList;
			buildConfigurations = (
				954DC0851E2D6744000F1C4B /* Debug */,
				954DC0861E2D6744000F1C4B /* Release */,
			);
			defaultConfigurationIsVisible = 0;
			defaultConfigurationName = Release;
		};
		954DC0871E2D6744000F1C4B /* Build configuration list for PBXNativeTarget "CleanerSeeker" */ = {
			isa = XCConfigurationList;
			buildConfigurations = (
				954DC0881E2D6744000F1C4B /* Debug */,
				954DC0891E2D6744000F1C4B /* Release */,
			);
			defaultConfigurationIsVisible = 0;
			defaultConfigurationName = Release;
		};
		954DC08A1E2D6744000F1C4B /* Build configuration list for PBXNativeTarget "CleanerSeekerTests" */ = {
			isa = XCConfigurationList;
			buildConfigurations = (
				954DC08B1E2D6744000F1C4B /* Debug */,
				954DC08C1E2D6744000F1C4B /* Release */,
			);
			defaultConfigurationIsVisible = 0;
			defaultConfigurationName = Release;
		};
/* End XCConfigurationList section */
	};
	rootObject = 954DC0621E2D6743000F1C4B /* Project object */;
}
